
Microsoft Visual Studio Solution File, Format Version 12.00
# Visual Studio Version 17
VisualStudioVersion = 17.4.33110.190
MinimumVisualStudioVersion = 10.0.40219.1
Project("{FAE04EC0-301F-11D3-BF4B-00C04F79EFBC}") = "StudyBuddy", "StudyBuddy\StudyBuddy.csproj", "{DD3357A9-E4A9-4628-938B-21EC407B338B}"
EndProject
Project("{FAE04EC0-301F-11D3-BF4B-00C04F79EFBC}") = "BLL", "BLL\BLL.csproj", "{596A2C17-778E-4948-A192-2214755EFE2E}"
EndProject
Project("{FAE04EC0-301F-11D3-BF4B-00C04F79EFBC}") = "DAL", "DAL\DAL.csproj", "{614711BA-B388-43CF-B51A-4B381581490F}"
EndProject
Global
	GlobalSection(SolutionConfigurationPlatforms) = preSolution
		Debug|Any CPU = Debug|Any CPU
		Release|Any CPU = Release|Any CPU
	EndGlobalSection
	GlobalSection(ProjectConfigurationPlatforms) = postSolution
		{DD3357A9-E4A9-4628-938B-21EC407B338B}.Debug|Any CPU.ActiveCfg = Debug|Any CPU
		{DD3357A9-E4A9-4628-938B-21EC407B338B}.Debug|Any CPU.Build.0 = Debug|Any CPU
		{DD3357A9-E4A9-4628-938B-21EC407B338B}.Release|Any CPU.ActiveCfg = Release|Any CPU
		{DD3357A9-E4A9-4628-938B-21EC407B338B}.Release|Any CPU.Build.0 = Release|Any CPU
		{596A2C17-778E-4948-A192-2214755EFE2E}.Debug|Any CPU.ActiveCfg = Debug|Any CPU
		{596A2C17-778E-4948-A192-2214755EFE2E}.Debug|Any CPU.Build.0 = Debug|Any CPU
		{596A2C17-778E-4948-A192-2214755EFE2E}.Release|Any CPU.ActiveCfg = Release|Any CPU
		{596A2C17-778E-4948-A192-2214755EFE2E}.Release|Any CPU.Build.0 = Release|Any CPU
		{614711BA-B388-43CF-B51A-4B381581490F}.Debug|Any CPU.ActiveCfg = Debug|Any CPU
		{614711BA-B388-43CF-B51A-4B381581490F}.Debug|Any CPU.Build.0 = Debug|Any CPU
		{614711BA-B388-43CF-B51A-4B381581490F}.Release|Any CPU.ActiveCfg = Release|Any CPU
		{614711BA-B388-43CF-B51A-4B381581490F}.Release|Any CPU.Build.0 = Release|Any CPU
	EndGlobalSection
	GlobalSection(SolutionProperties) = preSolution
		HideSolutionNode = FALSE
	EndGlobalSection
	GlobalSection(ExtensibilityGlobals) = postSolution
		SolutionGuid = {3B0204C2-2222-42CF-A7E3-ABCA605D8235}
	EndGlobalSection
EndGlobal
